
Microsoft Visual Studio Solution File, Format Version 12.00
# Visual Studio Version 17
VisualStudioVersion = 17.6.33712.159
MinimumVisualStudioVersion = 10.0.40219.1
Project("{FAE04EC0-301F-11D3-BF4B-00C04F79EFBC}") = "Project_ado.net", "Project_ado.net\Project_ado.net.csproj", "{D22EFAF3-E4EC-4186-B208-61CF3937B93B}"
EndProject
Global
	GlobalSection(SolutionConfigurationPlatforms) = preSolution
		Debug|Any CPU = Debug|Any CPU
		Release|Any CPU = Release|Any CPU
	EndGlobalSection
	GlobalSection(ProjectConfigurationPlatforms) = postSolution
		{D22EFAF3-E4EC-4186-B208-61CF3937B93B}.Debug|Any CPU.ActiveCfg = Debug|Any CPU
		{D22EFAF3-E4EC-4186-B208-61CF3937B93B}.Debug|Any CPU.Build.0 = Debug|Any CPU
		{D22EFAF3-E4EC-4186-B208-61CF3937B93B}.Release|Any CPU.ActiveCfg = Release|Any CPU
		{D22EFAF3-E4EC-4186-B208-61CF3937B93B}.Release|Any CPU.Build.0 = Release|Any CPU
	EndGlobalSection
	GlobalSection(SolutionProperties) = preSolution
		HideSolutionNode = FALSE
	EndGlobalSection
	GlobalSection(ExtensibilityGlobals) = postSolution
		SolutionGuid = {9345241C-FFB4-4F6A-87DC-2491BA47221E}
	EndGlobalSection
EndGlobal
